{
  "version": "0.1.7",
  "board": "ConnectivityTestSpace",
  "placement_hash": "6434bcd1b4c06c60",
  "arcs": [
    "R1satc",
    "Lsxo0Uw5eo",
    "L1r88gDjag0L12kw",
    "L44ynkU14q1sL12kw",
    "L12kw",
    "R12kwU1jq68Rv2ts",
    "L6ip2oU2qldsL12kw",
    "L1lvc0"
  ],
  "instances": [
    1,
    0,
    5000000,
    9500000,
    1270000,
    1,
    1,
    6500000,
    8000000,
    1287500,
    1,
    2,
    11000000,
    10500000,
    1287500,
    1,
    3,
    18000000,
    8500000,
    1270000,
    1,
    4,
    18000000,
    8500000,
    1287500,
    2,
    5,
    6500000,
    11000000,
    1270000,
    2,
    6,
    19000000,
    9000000,
    1270000,
    2,
    7,
    21700000,
    9000000,
    1287500
  ]
}