{
  "version": "0.1.7",
  "board": "MultiNetTest",
  "placement_hash": "d5a1ba78c804f254",
  "arcs": [
    "R12kwU2qldsL12kw",
    "R2uvpc"
  ],
  "instances": [
    3,
    0,
    14500000,
    3100000,
    1270000,
    3,
    0,
    14500000,
    3100000,
    1269999,
    1,
    1,
    3100000,
    2500000,
    1270000,
    1,
    1,
    3100000,
    2500000,
    1269999,
    5,
    1,
    3100000,
    14500000,
    1270000,
    5,
    1,
    3100000,
    14500000,
    1269999,
    6,
    1,
    3100000,
    20500000,
    1270000,
    6,
    1,
    3100000,
    20500000,
    1269999,
    4,
    0,
    20500000,
    3100000,
    1270000,
    4,
    0,
    20500000,
    3100000,
    1269999,
    2,
    1,
    3100000,
    8500000,
    1270000,
    2,
    1,
    3100000,
    8500000,
    1269999
  ]
}