{
  "version": "0.1.7",
  "board": "Silicon_Die_Block",
  "placement_hash": "b3f39b49ae706bbb",
  "arcs": [
    "U5h8",
    "R4moUuk",
    "D4moUuk",
    "L4moUuk",
    "U104"
  ],
  "instances": [
    1,
    0,
    2000,
    2000,
    0,
    2,
    1,
    2000,
    14000,
    0,
    3,
    2,
    14000,
    14000,
    0,
    4,
    3,
    14000,
    2000,
    0,
    1,
    4,
    2000,
    8000,
    1100,
    2,
    4,
    8000,
    14000,
    1100,
    3,
    4,
    14000,
    8000,
    1100,
    4,
    4,
    8000,
    2000,
    1100,
    3,
    4,
    14000,
    8000,
    1100,
    1,
    4,
    2000,
    8000,
    1100,
    4,
    4,
    8000,
    2000,
    1100,
    2,
    4,
    8000,
    14000,
    1100
  ]
}